// !$*UTF8*$!
{
	archiveVersion = 1;
	classes = {
	};
	objectVersion = 56;
	objects = {

/* Begin PBXBuildFile section */
		18FA77172977DD1600184201 /* main.swift in Sources */ = {isa = PBXBuildFile; fileRef = 18FA77162977DD1600184201 /* main.swift */; };
		18FA771E2977E53D00184201 /* RouteInfoProvider.swift in Sources */ = {isa = PBXBuildFile; fileRef = 18FA771D2977E53D00184201 /* RouteInfoProvider.swift */; };
		18FA77202977E70F00184201 /* BaseRouteInfoProvider.swift in Sources */ = {isa = PBXBuildFile; fileRef = 18FA771F2977E70F00184201 /* BaseRouteInfoProvider.swift */; };
		18FA77222977EB3D00184201 /* InputHandler.swift in Sources */ = {isa = PBXBuildFile; fileRef = 18FA77212977EB3D00184201 /* InputHandler.swift */; };
		18FA77242977F60800184201 /* FreeRouteInfoProviderDecorator.swift in Sources */ = {isa = PBXBuildFile; fileRef = 18FA77232977F60800184201 /* FreeRouteInfoProviderDecorator.swift */; };
		18FA7728297947D400184201 /* SmallCompanyRouteInfoProviderDecorator.swift in Sources */ = {isa = PBXBuildFile; fileRef = 18FA7727297947D400184201 /* SmallCompanyRouteInfoProviderDecorator.swift */; };
		18FA772A2979499600184201 /* EnterpriseRouteInfoProviderDecorator.swift in Sources */ = {isa = PBXBuildFile; fileRef = 18FA77292979499600184201 /* EnterpriseRouteInfoProviderDecorator.swift */; };
/* End PBXBuildFile section */

/* Begin PBXCopyFilesBuildPhase section */
		18FA77112977DD1600184201 /* CopyFiles */ = {
			isa = PBXCopyFilesBuildPhase;
			buildActionMask = 2147483647;
			dstPath = /usr/share/man/man1/;
			dstSubfolderSpec = 0;
			files = (
			);
			runOnlyForDeploymentPostprocessing = 1;
		};
/* End PBXCopyFilesBuildPhase section */

/* Begin PBXFileReference section */
		18FA77132977DD1600184201 /* decorator-wzorce-2022 */ = {isa = PBXFileReference; explicitFileType = "compiled.mach-o.executable"; includeInIndex = 0; path = "decorator-wzorce-2022"; sourceTree = BUILT_PRODUCTS_DIR; };
		18FA77162977DD1600184201 /* main.swift */ = {isa = PBXFileReference; lastKnownFileType = sourcecode.swift; path = main.swift; sourceTree = "<group>"; };
		18FA771D2977E53D00184201 /* RouteInfoProvider.swift */ = {isa = PBXFileReference; lastKnownFileType = sourcecode.swift; path = RouteInfoProvider.swift; sourceTree = "<group>"; };
		18FA771F2977E70F00184201 /* BaseRouteInfoProvider.swift */ = {isa = PBXFileReference; lastKnownFileType = sourcecode.swift; path = BaseRouteInfoProvider.swift; sourceTree = "<group>"; };
		18FA77212977EB3D00184201 /* InputHandler.swift */ = {isa = PBXFileReference; lastKnownFileType = sourcecode.swift; path = InputHandler.swift; sourceTree = "<group>"; };
		18FA77232977F60800184201 /* FreeRouteInfoProviderDecorator.swift */ = {isa = PBXFileReference; lastKnownFileType = sourcecode.swift; path = FreeRouteInfoProviderDecorator.swift; sourceTree = "<group>"; };
		18FA7727297947D400184201 /* SmallCompanyRouteInfoProviderDecorator.swift */ = {isa = PBXFileReference; lastKnownFileType = sourcecode.swift; path = SmallCompanyRouteInfoProviderDecorator.swift; sourceTree = "<group>"; };
		18FA77292979499600184201 /* EnterpriseRouteInfoProviderDecorator.swift */ = {isa = PBXFileReference; lastKnownFileType = sourcecode.swift; path = EnterpriseRouteInfoProviderDecorator.swift; sourceTree = "<group>"; };
/* End PBXFileReference section */

/* Begin PBXFrameworksBuildPhase section */
		18FA77102977DD1600184201 /* Frameworks */ = {
			isa = PBXFrameworksBuildPhase;
			buildActionMask = 2147483647;
			files = (
			);
			runOnlyForDeploymentPostprocessing = 0;
		};
/* End PBXFrameworksBuildPhase section */

/* Begin PBXGroup section */
		18FA770A2977DD1600184201 = {
			isa = PBXGroup;
			children = (
				18FA77152977DD1600184201 /* decorator-wzorce-2022 */,
				18FA77142977DD1600184201 /* Products */,
			);
			sourceTree = "<group>";
		};
		18FA77142977DD1600184201 /* Products */ = {
			isa = PBXGroup;
			children = (
				18FA77132977DD1600184201 /* decorator-wzorce-2022 */,
			);
			name = Products;
			sourceTree = "<group>";
		};
		18FA77152977DD1600184201 /* decorator-wzorce-2022 */ = {
			isa = PBXGroup;
			children = (
				18FA77162977DD1600184201 /* main.swift */,
				18FA771D2977E53D00184201 /* RouteInfoProvider.swift */,
				18FA771F2977E70F00184201 /* BaseRouteInfoProvider.swift */,
				18FA77212977EB3D00184201 /* InputHandler.swift */,
				18FA77232977F60800184201 /* FreeRouteInfoProviderDecorator.swift */,
				18FA7727297947D400184201 /* SmallCompanyRouteInfoProviderDecorator.swift */,
				18FA77292979499600184201 /* EnterpriseRouteInfoProviderDecorator.swift */,
			);
			path = "decorator-wzorce-2022";
			sourceTree = "<group>";
		};
/* End PBXGroup section */

/* Begin PBXNativeTarget section */
		18FA77122977DD1600184201 /* decorator-wzorce-2022 */ = {
			isa = PBXNativeTarget;
			buildConfigurationList = 18FA771A2977DD1600184201 /* Build configuration list for PBXNativeTarget "decorator-wzorce-2022" */;
			buildPhases = (
				18FA770F2977DD1600184201 /* Sources */,
				18FA77102977DD1600184201 /* Frameworks */,
				18FA77112977DD1600184201 /* CopyFiles */,
			);
			buildRules = (
			);
			dependencies = (
			);
			name = "decorator-wzorce-2022";
			productName = "decorator-wzorce-2022";
			productReference = 18FA77132977DD1600184201 /* decorator-wzorce-2022 */;
			productType = "com.apple.product-type.tool";
		};
/* End PBXNativeTarget section */

/* Begin PBXProject section */
		18FA770B2977DD1600184201 /* Project object */ = {
			isa = PBXProject;
			attributes = {
				BuildIndependentTargetsInParallel = 1;
				LastSwiftUpdateCheck = 1420;
				LastUpgradeCheck = 1420;
				TargetAttributes = {
					18FA77122977DD1600184201 = {
						CreatedOnToolsVersion = 14.2;
					};
				};
			};
			buildConfigurationList = 18FA770E2977DD1600184201 /* Build configuration list for PBXProject "decorator-wzorce-2022" */;
			compatibilityVersion = "Xcode 14.0";
			developmentRegion = en;
			hasScannedForEncodings = 0;
			knownRegions = (
				en,
				Base,
			);
			mainGroup = 18FA770A2977DD1600184201;
			productRefGroup = 18FA77142977DD1600184201 /* Products */;
			projectDirPath = "";
			projectRoot = "";
			targets = (
				18FA77122977DD1600184201 /* decorator-wzorce-2022 */,
			);
		};
/* End PBXProject section */

/* Begin PBXSourcesBuildPhase section */
		18FA770F2977DD1600184201 /* Sources */ = {
			isa = PBXSourcesBuildPhase;
			buildActionMask = 2147483647;
			files = (
				18FA772A2979499600184201 /* EnterpriseRouteInfoProviderDecorator.swift in Sources */,
				18FA771E2977E53D00184201 /* RouteInfoProvider.swift in Sources */,
				18FA77172977DD1600184201 /* main.swift in Sources */,
				18FA77242977F60800184201 /* FreeRouteInfoProviderDecorator.swift in Sources */,
				18FA77202977E70F00184201 /* BaseRouteInfoProvider.swift in Sources */,
				18FA7728297947D400184201 /* SmallCompanyRouteInfoProviderDecorator.swift in Sources */,
				18FA77222977EB3D00184201 /* InputHandler.swift in Sources */,
			);
			runOnlyForDeploymentPostprocessing = 0;
		};
/* End PBXSourcesBuildPhase section */

/* Begin XCBuildConfiguration section */
		18FA77182977DD1600184201 /* Debug */ = {
			isa = XCBuildConfiguration;
			buildSettings = {
				ALWAYS_SEARCH_USER_PATHS = NO;
				CLANG_ANALYZER_NONNULL = YES;
				CLANG_ANALYZER_NUMBER_OBJECT_CONVERSION = YES_AGGRESSIVE;
				CLANG_CXX_LANGUAGE_STANDARD = "gnu++20";
				CLANG_ENABLE_MODULES = YES;
				CLANG_ENABLE_OBJC_ARC = YES;
				CLANG_ENABLE_OBJC_WEAK = YES;
				CLANG_WARN_BLOCK_CAPTURE_AUTORELEASING = YES;
				CLANG_WARN_BOOL_CONVERSION = YES;
				CLANG_WARN_COMMA = YES;
				CLANG_WARN_CONSTANT_CONVERSION = YES;
				CLANG_WARN_DEPRECATED_OBJC_IMPLEMENTATIONS = YES;
				CLANG_WARN_DIRECT_OBJC_ISA_USAGE = YES_ERROR;
				CLANG_WARN_DOCUMENTATION_COMMENTS = YES;
				CLANG_WARN_EMPTY_BODY = YES;
				CLANG_WARN_ENUM_CONVERSION = YES;
				CLANG_WARN_INFINITE_RECURSION = YES;
				CLANG_WARN_INT_CONVERSION = YES;
				CLANG_WARN_NON_LITERAL_NULL_CONVERSION = YES;
				CLANG_WARN_OBJC_IMPLICIT_RETAIN_SELF = YES;
				CLANG_WARN_OBJC_LITERAL_CONVERSION = YES;
				CLANG_WARN_OBJC_ROOT_CLASS = YES_ERROR;
				CLANG_WARN_QUOTED_INCLUDE_IN_FRAMEWORK_HEADER = YES;
				CLANG_WARN_RANGE_LOOP_ANALYSIS = YES;
				CLANG_WARN_STRICT_PROTOTYPES = YES;
				CLANG_WARN_SUSPICIOUS_MOVE = YES;
				CLANG_WARN_UNGUARDED_AVAILABILITY = YES_AGGRESSIVE;
				CLANG_WARN_UNREACHABLE_CODE = YES;
				CLANG_WARN__DUPLICATE_METHOD_MATCH = YES;
				COPY_PHASE_STRIP = NO;
				DEBUG_INFORMATION_FORMAT = dwarf;
				ENABLE_STRICT_OBJC_MSGSEND = YES;
				ENABLE_TESTABILITY = YES;
				GCC_C_LANGUAGE_STANDARD = gnu11;
				GCC_DYNAMIC_NO_PIC = NO;
				GCC_NO_COMMON_BLOCKS = YES;
				GCC_OPTIMIZATION_LEVEL = 0;
				GCC_PREPROCESSOR_DEFINITIONS = (
					"DEBUG=1",
					"$(inherited)",
				);
				GCC_WARN_64_TO_32_BIT_CONVERSION = YES;
				GCC_WARN_ABOUT_RETURN_TYPE = YES_ERROR;
				GCC_WARN_UNDECLARED_SELECTOR = YES;
				GCC_WARN_UNINITIALIZED_AUTOS = YES_AGGRESSIVE;
				GCC_WARN_UNUSED_FUNCTION = YES;
				GCC_WARN_UNUSED_VARIABLE = YES;
				MACOSX_DEPLOYMENT_TARGET = 12.6;
				MTL_ENABLE_DEBUG_INFO = INCLUDE_SOURCE;
				MTL_FAST_MATH = YES;
				ONLY_ACTIVE_ARCH = YES;
				SDKROOT = macosx;
				SWIFT_ACTIVE_COMPILATION_CONDITIONS = DEBUG;
				SWIFT_OPTIMIZATION_LEVEL = "-Onone";
			};
			name = Debug;
		};
		18FA77192977DD1600184201 /* Release */ = {
			isa = XCBuildConfiguration;
			buildSettings = {
				ALWAYS_SEARCH_USER_PATHS = NO;
				CLANG_ANALYZER_NONNULL = YES;
				CLANG_ANALYZER_NUMBER_OBJECT_CONVERSION = YES_AGGRESSIVE;
				CLANG_CXX_LANGUAGE_STANDARD = "gnu++20";
				CLANG_ENABLE_MODULES = YES;
				CLANG_ENABLE_OBJC_ARC = YES;
				CLANG_ENABLE_OBJC_WEAK = YES;
				CLANG_WARN_BLOCK_CAPTURE_AUTORELEASING = YES;
				CLANG_WARN_BOOL_CONVERSION = YES;
				CLANG_WARN_COMMA = YES;
				CLANG_WARN_CONSTANT_CONVERSION = YES;
				CLANG_WARN_DEPRECATED_OBJC_IMPLEMENTATIONS = YES;
				CLANG_WARN_DIRECT_OBJC_ISA_USAGE = YES_ERROR;
				CLANG_WARN_DOCUMENTATION_COMMENTS = YES;
				CLANG_WARN_EMPTY_BODY = YES;
				CLANG_WARN_ENUM_CONVERSION = YES;
				CLANG_WARN_INFINITE_RECURSION = YES;
				CLANG_WARN_INT_CONVERSION = YES;
				CLANG_WARN_NON_LITERAL_NULL_CONVERSION = YES;
				CLANG_WARN_OBJC_IMPLICIT_RETAIN_SELF = YES;
				CLANG_WARN_OBJC_LITERAL_CONVERSION = YES;
				CLANG_WARN_OBJC_ROOT_CLASS = YES_ERROR;
				CLANG_WARN_QUOTED_INCLUDE_IN_FRAMEWORK_HEADER = YES;
				CLANG_WARN_RANGE_LOOP_ANALYSIS = YES;
				CLANG_WARN_STRICT_PROTOTYPES = YES;
				CLANG_WARN_SUSPICIOUS_MOVE = YES;
				CLANG_WARN_UNGUARDED_AVAILABILITY = YES_AGGRESSIVE;
				CLANG_WARN_UNREACHABLE_CODE = YES;
				CLANG_WARN__DUPLICATE_METHOD_MATCH = YES;
				COPY_PHASE_STRIP = NO;
				DEBUG_INFORMATION_FORMAT = "dwarf-with-dsym";
				ENABLE_NS_ASSERTIONS = NO;
				ENABLE_STRICT_OBJC_MSGSEND = YES;
				GCC_C_LANGUAGE_STANDARD = gnu11;
				GCC_NO_COMMON_BLOCKS = YES;
				GCC_WARN_64_TO_32_BIT_CONVERSION = YES;
				GCC_WARN_ABOUT_RETURN_TYPE = YES_ERROR;
				GCC_WARN_UNDECLARED_SELECTOR = YES;
				GCC_WARN_UNINITIALIZED_AUTOS = YES_AGGRESSIVE;
				GCC_WARN_UNUSED_FUNCTION = YES;
				GCC_WARN_UNUSED_VARIABLE = YES;
				MACOSX_DEPLOYMENT_TARGET = 12.6;
				MTL_ENABLE_DEBUG_INFO = NO;
				MTL_FAST_MATH = YES;
				SDKROOT = macosx;
				SWIFT_COMPILATION_MODE = wholemodule;
				SWIFT_OPTIMIZATION_LEVEL = "-O";
			};
			name = Release;
		};
		18FA771B2977DD1600184201 /* Debug */ = {
			isa = XCBuildConfiguration;
			buildSettings = {
				CODE_SIGN_STYLE = Automatic;
				DEVELOPMENT_TEAM = XN37NL4L9L;
				ENABLE_HARDENED_RUNTIME = YES;
				PRODUCT_NAME = "$(TARGET_NAME)";
				SWIFT_VERSION = 5.0;
			};
			name = Debug;
		};
		18FA771C2977DD1600184201 /* Release */ = {
			isa = XCBuildConfiguration;
			buildSettings = {
				CODE_SIGN_STYLE = Automatic;
				DEVELOPMENT_TEAM = XN37NL4L9L;
				ENABLE_HARDENED_RUNTIME = YES;
				PRODUCT_NAME = "$(TARGET_NAME)";
				SWIFT_VERSION = 5.0;
			};
			name = Release;
		};
/* End XCBuildConfiguration section */

/* Begin XCConfigurationList section */
		18FA770E2977DD1600184201 /* Build configuration list for PBXProject "decorator-wzorce-2022" */ = {
			isa = XCConfigurationList;
			buildConfigurations = (
				18FA77182977DD1600184201 /* Debug */,
				18FA77192977DD1600184201 /* Release */,
			);
			defaultConfigurationIsVisible = 0;
			defaultConfigurationName = Release;
		};
		18FA771A2977DD1600184201 /* Build configuration list for PBXNativeTarget "decorator-wzorce-2022" */ = {
			isa = XCConfigurationList;
			buildConfigurations = (
				18FA771B2977DD1600184201 /* Debug */,
				18FA771C2977DD1600184201 /* Release */,
			);
			defaultConfigurationIsVisible = 0;
			defaultConfigurationName = Release;
		};
/* End XCConfigurationList section */
	};
	rootObject = 18FA770B2977DD1600184201 /* Project object */;
}
